{
  "format_version": "1.1",
  "terraform_version": "1.3.4",
  "variables": {
    "domain_name": { "value": "benncrew94gmail.onmicrosoft.com" },
    "user_names": { "value": ["neo", "trinity", "morpheus"] }
  },
  "planned_values": {
    "outputs": { "all_users": { "sensitive": true } },
    "root_module": {
      "resources": [
        {
          "address": "azuread_user.aad_users[\"morpheus\"]",
          "mode": "managed",
          "type": "azuread_user",
          "name": "aad_users",
          "index": "morpheus",
          "provider_name": "registry.terraform.io/hashicorp/azuread",
          "schema_version": 0,
          "values": {
            "account_enabled": true,
            "age_group": null,
            "city": null,
            "company_name": null,
            "consent_provided_for_minor": null,
            "cost_center": null,
            "country": null,
            "department": null,
            "disable_password_expiration": false,
            "disable_strong_password": false,
            "display_name": "J. Doe",
            "division": null,
            "employee_id": null,
            "employee_type": null,
            "fax_number": null,
            "force_password_change": false,
            "given_name": "Jane",
            "job_title": null,
            "mail_nickname": "jdoe",
            "manager_id": null,
            "mobile_phone": null,
            "office_location": null,
            "other_mails": null,
            "password": "SecretP@sswd99!",
            "postal_code": null,
            "preferred_language": null,
            "show_in_address_list": true,
            "state": null,
            "street_address": null,
            "surname": "Doe",
            "timeouts": null,
            "usage_location": null,
            "user_principal_name": "morpheus@benncrew94gmail.onmicrosoft.com"
          },
          "sensitive_values": {
            "business_phones": [],
            "im_addresses": [],
            "proxy_addresses": []
          }
        },
        {
          "address": "azuread_user.aad_users[\"neo\"]",
          "mode": "managed",
          "type": "azuread_user",
          "name": "aad_users",
          "index": "neo",
          "provider_name": "registry.terraform.io/hashicorp/azuread",
          "schema_version": 0,
          "values": {
            "account_enabled": true,
            "age_group": null,
            "city": null,
            "company_name": null,
            "consent_provided_for_minor": null,
            "cost_center": null,
            "country": null,
            "department": null,
            "disable_password_expiration": false,
            "disable_strong_password": false,
            "display_name": "J. Doe",
            "division": null,
            "employee_id": null,
            "employee_type": null,
            "fax_number": null,
            "force_password_change": false,
            "given_name": "Jane",
            "job_title": null,
            "mail_nickname": "jdoe",
            "manager_id": null,
            "mobile_phone": null,
            "office_location": null,
            "other_mails": null,
            "password": "SecretP@sswd99!",
            "postal_code": null,
            "preferred_language": null,
            "show_in_address_list": true,
            "state": null,
            "street_address": null,
            "surname": "Doe",
            "timeouts": null,
            "usage_location": null,
            "user_principal_name": "neo@benncrew94gmail.onmicrosoft.com"
          },
          "sensitive_values": {
            "business_phones": [],
            "im_addresses": [],
            "proxy_addresses": []
          }
        },
        {
          "address": "azuread_user.aad_users[\"trinity\"]",
          "mode": "managed",
          "type": "azuread_user",
          "name": "aad_users",
          "index": "trinity",
          "provider_name": "registry.terraform.io/hashicorp/azuread",
          "schema_version": 0,
          "values": {
            "account_enabled": true,
            "age_group": null,
            "city": null,
            "company_name": null,
            "consent_provided_for_minor": null,
            "cost_center": null,
            "country": null,
            "department": null,
            "disable_password_expiration": false,
            "disable_strong_password": false,
            "display_name": "J. Doe",
            "division": null,
            "employee_id": null,
            "employee_type": null,
            "fax_number": null,
            "force_password_change": false,
            "given_name": "Jane",
            "job_title": null,
            "mail_nickname": "jdoe",
            "manager_id": null,
            "mobile_phone": null,
            "office_location": null,
            "other_mails": null,
            "password": "SecretP@sswd99!",
            "postal_code": null,
            "preferred_language": null,
            "show_in_address_list": true,
            "state": null,
            "street_address": null,
            "surname": "Doe",
            "timeouts": null,
            "usage_location": null,
            "user_principal_name": "trinity@benncrew94gmail.onmicrosoft.com"
          },
          "sensitive_values": {
            "business_phones": [],
            "im_addresses": [],
            "proxy_addresses": []
          }
        }
      ]
    }
  },
  "resource_changes": [
    {
      "address": "azuread_user.aad_users[\"morpheus\"]",
      "mode": "managed",
      "type": "azuread_user",
      "name": "aad_users",
      "index": "morpheus",
      "provider_name": "registry.terraform.io/hashicorp/azuread",
      "change": {
        "actions": ["create"],
        "before": null,
        "after": {
          "account_enabled": true,
          "age_group": null,
          "city": null,
          "company_name": null,
          "consent_provided_for_minor": null,
          "cost_center": null,
          "country": null,
          "department": null,
          "disable_password_expiration": false,
          "disable_strong_password": false,
          "display_name": "J. Doe",
          "division": null,
          "employee_id": null,
          "employee_type": null,
          "fax_number": null,
          "force_password_change": false,
          "given_name": "Jane",
          "job_title": null,
          "mail_nickname": "jdoe",
          "manager_id": null,
          "mobile_phone": null,
          "office_location": null,
          "other_mails": null,
          "password": "SecretP@sswd99!",
          "postal_code": null,
          "preferred_language": null,
          "show_in_address_list": true,
          "state": null,
          "street_address": null,
          "surname": "Doe",
          "timeouts": null,
          "usage_location": null,
          "user_principal_name": "morpheus@benncrew94gmail.onmicrosoft.com"
        },
        "after_unknown": {
          "about_me": true,
          "business_phones": true,
          "creation_type": true,
          "external_user_state": true,
          "id": true,
          "im_addresses": true,
          "mail": true,
          "object_id": true,
          "onpremises_distinguished_name": true,
          "onpremises_domain_name": true,
          "onpremises_immutable_id": true,
          "onpremises_sam_account_name": true,
          "onpremises_security_identifier": true,
          "onpremises_sync_enabled": true,
          "onpremises_user_principal_name": true,
          "proxy_addresses": true,
          "user_type": true
        },
        "before_sensitive": false,
        "after_sensitive": {
          "business_phones": [],
          "im_addresses": [],
          "password": true,
          "proxy_addresses": []
        }
      }
    },
    {
      "address": "azuread_user.aad_users[\"neo\"]",
      "mode": "managed",
      "type": "azuread_user",
      "name": "aad_users",
      "index": "neo",
      "provider_name": "registry.terraform.io/hashicorp/azuread",
      "change": {
        "actions": ["create"],
        "before": null,
        "after": {
          "account_enabled": true,
          "age_group": null,
          "city": null,
          "company_name": null,
          "consent_provided_for_minor": null,
          "cost_center": null,
          "country": null,
          "department": null,
          "disable_password_expiration": false,
          "disable_strong_password": false,
          "display_name": "J. Doe",
          "division": null,
          "employee_id": null,
          "employee_type": null,
          "fax_number": null,
          "force_password_change": false,
          "given_name": "Jane",
          "job_title": null,
          "mail_nickname": "jdoe",
          "manager_id": null,
          "mobile_phone": null,
          "office_location": null,
          "other_mails": null,
          "password": "SecretP@sswd99!",
          "postal_code": null,
          "preferred_language": null,
          "show_in_address_list": true,
          "state": null,
          "street_address": null,
          "surname": "Doe",
          "timeouts": null,
          "usage_location": null,
          "user_principal_name": "neo@benncrew94gmail.onmicrosoft.com"
        },
        "after_unknown": {
          "about_me": true,
          "business_phones": true,
          "creation_type": true,
          "external_user_state": true,
          "id": true,
          "im_addresses": true,
          "mail": true,
          "object_id": true,
          "onpremises_distinguished_name": true,
          "onpremises_domain_name": true,
          "onpremises_immutable_id": true,
          "onpremises_sam_account_name": true,
          "onpremises_security_identifier": true,
          "onpremises_sync_enabled": true,
          "onpremises_user_principal_name": true,
          "proxy_addresses": true,
          "user_type": true
        },
        "before_sensitive": false,
        "after_sensitive": {
          "business_phones": [],
          "im_addresses": [],
          "password": true,
          "proxy_addresses": []
        }
      }
    },
    {
      "address": "azuread_user.aad_users[\"trinity\"]",
      "mode": "managed",
      "type": "azuread_user",
      "name": "aad_users",
      "index": "trinity",
      "provider_name": "registry.terraform.io/hashicorp/azuread",
      "change": {
        "actions": ["create"],
        "before": null,
        "after": {
          "account_enabled": true,
          "age_group": null,
          "city": null,
          "company_name": null,
          "consent_provided_for_minor": null,
          "cost_center": null,
          "country": null,
          "department": null,
          "disable_password_expiration": false,
          "disable_strong_password": false,
          "display_name": "J. Doe",
          "division": null,
          "employee_id": null,
          "employee_type": null,
          "fax_number": null,
          "force_password_change": false,
          "given_name": "Jane",
          "job_title": null,
          "mail_nickname": "jdoe",
          "manager_id": null,
          "mobile_phone": null,
          "office_location": null,
          "other_mails": null,
          "password": "SecretP@sswd99!",
          "postal_code": null,
          "preferred_language": null,
          "show_in_address_list": true,
          "state": null,
          "street_address": null,
          "surname": "Doe",
          "timeouts": null,
          "usage_location": null,
          "user_principal_name": "trinity@benncrew94gmail.onmicrosoft.com"
        },
        "after_unknown": {
          "about_me": true,
          "business_phones": true,
          "creation_type": true,
          "external_user_state": true,
          "id": true,
          "im_addresses": true,
          "mail": true,
          "object_id": true,
          "onpremises_distinguished_name": true,
          "onpremises_domain_name": true,
          "onpremises_immutable_id": true,
          "onpremises_sam_account_name": true,
          "onpremises_security_identifier": true,
          "onpremises_sync_enabled": true,
          "onpremises_user_principal_name": true,
          "proxy_addresses": true,
          "user_type": true
        },
        "before_sensitive": false,
        "after_sensitive": {
          "business_phones": [],
          "im_addresses": [],
          "password": true,
          "proxy_addresses": []
        }
      }
    }
  ],
  "output_changes": {
    "all_users": {
      "actions": ["create"],
      "before": null,
      "after": {
        "morpheus": {
          "account_enabled": true,
          "age_group": null,
          "city": null,
          "company_name": null,
          "consent_provided_for_minor": null,
          "cost_center": null,
          "country": null,
          "department": null,
          "disable_password_expiration": false,
          "disable_strong_password": false,
          "display_name": "J. Doe",
          "division": null,
          "employee_id": null,
          "employee_type": null,
          "fax_number": null,
          "force_password_change": false,
          "given_name": "Jane",
          "job_title": null,
          "mail_nickname": "jdoe",
          "manager_id": null,
          "mobile_phone": null,
          "office_location": null,
          "other_mails": null,
          "password": "SecretP@sswd99!",
          "postal_code": null,
          "preferred_language": null,
          "show_in_address_list": true,
          "state": null,
          "street_address": null,
          "surname": "Doe",
          "timeouts": null,
          "usage_location": null,
          "user_principal_name": "morpheus@benncrew94gmail.onmicrosoft.com"
        },
        "neo": {
          "account_enabled": true,
          "age_group": null,
          "city": null,
          "company_name": null,
          "consent_provided_for_minor": null,
          "cost_center": null,
          "country": null,
          "department": null,
          "disable_password_expiration": false,
          "disable_strong_password": false,
          "display_name": "J. Doe",
          "division": null,
          "employee_id": null,
          "employee_type": null,
          "fax_number": null,
          "force_password_change": false,
          "given_name": "Jane",
          "job_title": null,
          "mail_nickname": "jdoe",
          "manager_id": null,
          "mobile_phone": null,
          "office_location": null,
          "other_mails": null,
          "password": "SecretP@sswd99!",
          "postal_code": null,
          "preferred_language": null,
          "show_in_address_list": true,
          "state": null,
          "street_address": null,
          "surname": "Doe",
          "timeouts": null,
          "usage_location": null,
          "user_principal_name": "neo@benncrew94gmail.onmicrosoft.com"
        },
        "trinity": {
          "account_enabled": true,
          "age_group": null,
          "city": null,
          "company_name": null,
          "consent_provided_for_minor": null,
          "cost_center": null,
          "country": null,
          "department": null,
          "disable_password_expiration": false,
          "disable_strong_password": false,
          "display_name": "J. Doe",
          "division": null,
          "employee_id": null,
          "employee_type": null,
          "fax_number": null,
          "force_password_change": false,
          "given_name": "Jane",
          "job_title": null,
          "mail_nickname": "jdoe",
          "manager_id": null,
          "mobile_phone": null,
          "office_location": null,
          "other_mails": null,
          "password": "SecretP@sswd99!",
          "postal_code": null,
          "preferred_language": null,
          "show_in_address_list": true,
          "state": null,
          "street_address": null,
          "surname": "Doe",
          "timeouts": null,
          "usage_location": null,
          "user_principal_name": "trinity@benncrew94gmail.onmicrosoft.com"
        }
      },
      "after_unknown": {
        "morpheus": {
          "about_me": true,
          "business_phones": true,
          "creation_type": true,
          "external_user_state": true,
          "id": true,
          "im_addresses": true,
          "mail": true,
          "object_id": true,
          "onpremises_distinguished_name": true,
          "onpremises_domain_name": true,
          "onpremises_immutable_id": true,
          "onpremises_sam_account_name": true,
          "onpremises_security_identifier": true,
          "onpremises_sync_enabled": true,
          "onpremises_user_principal_name": true,
          "proxy_addresses": true,
          "user_type": true
        },
        "neo": {
          "about_me": true,
          "business_phones": true,
          "creation_type": true,
          "external_user_state": true,
          "id": true,
          "im_addresses": true,
          "mail": true,
          "object_id": true,
          "onpremises_distinguished_name": true,
          "onpremises_domain_name": true,
          "onpremises_immutable_id": true,
          "onpremises_sam_account_name": true,
          "onpremises_security_identifier": true,
          "onpremises_sync_enabled": true,
          "onpremises_user_principal_name": true,
          "proxy_addresses": true,
          "user_type": true
        },
        "trinity": {
          "about_me": true,
          "business_phones": true,
          "creation_type": true,
          "external_user_state": true,
          "id": true,
          "im_addresses": true,
          "mail": true,
          "object_id": true,
          "onpremises_distinguished_name": true,
          "onpremises_domain_name": true,
          "onpremises_immutable_id": true,
          "onpremises_sam_account_name": true,
          "onpremises_security_identifier": true,
          "onpremises_sync_enabled": true,
          "onpremises_user_principal_name": true,
          "proxy_addresses": true,
          "user_type": true
        }
      },
      "before_sensitive": true,
      "after_sensitive": true
    }
  },
  "configuration": {
    "provider_config": {
      "azuread": {
        "name": "azuread",
        "full_name": "registry.terraform.io/hashicorp/azuread",
        "version_constraint": "~\u003e 2.30.0"
      }
    },
    "root_module": {
      "outputs": {
        "all_users": {
          "sensitive": true,
          "expression": { "references": ["azuread_user.aad_users"] }
        }
      },
      "resources": [
        {
          "address": "azuread_user.aad_users",
          "mode": "managed",
          "type": "azuread_user",
          "name": "aad_users",
          "provider_config_key": "azuread",
          "expressions": {
            "display_name": { "constant_value": "J. Doe" },
            "given_name": { "constant_value": "Jane" },
            "mail_nickname": { "constant_value": "jdoe" },
            "password": { "constant_value": "SecretP@sswd99!" },
            "surname": { "constant_value": "Doe" },
            "user_principal_name": {
              "references": ["each.value", "var.domain_name"]
            }
          },
          "schema_version": 0,
          "for_each_expression": { "references": ["var.user_names"] }
        }
      ],
      "variables": {
        "domain_name": { "default": "benncrew94gmail.onmicrosoft.com" },
        "user_names": {
          "default": ["neo", "trinity", "morpheus"],
          "description": "Create AAD users with these names"
        }
      }
    }
  },
  "relevant_attributes": [
    { "resource": "azuread_user.aad_users", "attribute": [] }
  ]
}
